<?xml version="1.0" encoding="utf-8"?>
<Project ToolsVersion="4.0" xmlns="http://schemas.microsoft.com/developer/msbuild/2003">
  <ItemGroup>
    <Filter Include="_Framework">
      <UniqueIdentifier>{f04c9286-e219-4fb7-b306-f9717e9aba86}</UniqueIdentifier>
    </Filter>
    <Filter Include="_Test">
      <UniqueIdentifier>{75066020-d788-4b2b-bc41-ace12119e0d5}</UniqueIdentifier>
    </Filter>
    <Filter Include="Shaders">
      <UniqueIdentifier>{018c6f9a-3b75-4b64-9e16-5ef5fc18a3c8}</UniqueIdentifier>
    </Filter>
    <Filter Include="Shaders\Compiled">
      <UniqueIdentifier>{c9098c9a-8b93-4fbd-9966-9a803ee39556}</UniqueIdentifier>
    </Filter>
    <Filter Include="Shaders\Original">
      <UniqueIdentifier>{3c7a2d86-b6b5-4627-9f08-50ba20e402ca}</UniqueIdentifier>
    </Filter>
    <Filter Include="_Test\Unit Test Configuration">
      <UniqueIdentifier>{0608852d-4953-4faf-8d42-335bb335dce5}</UniqueIdentifier>
    </Filter>
    <Filter Include="src">
      <UniqueIdentifier>{4FC737F1-C7A5-4376-A066-2A32D752A2FF}</UniqueIdentifier>
      <Extensions>cpp;c;cc;cxx;def;odl;idl;hpj;bat;asm;asmx</Extensions>
    </Filter>
    <Filter Include="src\src">
      <UniqueIdentifier>{e92ca29b-4937-4528-bd5c-8e9a35ac565c}</UniqueIdentifier>
    </Filter>
    <Filter Include="src\Camera">
      <UniqueIdentifier>{6522eaa0-32dc-4903-b416-40e63802de1c}</UniqueIdentifier>
    </Filter>
    <Filter Include="src\ShaderObject">
      <UniqueIdentifier>{3ded6dfe-9cc7-4a62-8420-6ad034060f8c}</UniqueIdentifier>
    </Filter>
    <Filter Include="src\Game">
      <UniqueIdentifier>{4cda4876-0d19-4d22-80d6-255299a04507}</UniqueIdentifier>
    </Filter>
    <Filter Include="src\GameObject">
      <UniqueIdentifier>{51ba3269-d895-41bf-a4cd-db5691d988b4}</UniqueIdentifier>
    </Filter>
    <Filter Include="src\GraphicsObject">
      <UniqueIdentifier>{45324200-2da6-416c-9e59-00972da44b7d}</UniqueIdentifier>
    </Filter>
    <Filter Include="src\Mesh">
      <UniqueIdentifier>{8a894f74-093c-43c4-9200-37d30accd0fe}</UniqueIdentifier>
    </Filter>
  </ItemGroup>
  <ItemGroup>
    <None Include="..\Framework\__DO NOT MODIFY__">
      <Filter>_Framework</Filter>
    </None>
    <None Include="GraphicsObject_Diagram.cd">
      <Filter>src\GraphicsObject</Filter>
    </None>
    <None Include="_Mesh_Diagram.cd">
      <Filter>src\Mesh</Filter>
    </None>
  </ItemGroup>
  <ItemGroup>
    <ClInclude Include="..\Framework\Framework.h">
      <Filter>_Framework</Filter>
    </ClInclude>
    <ClInclude Include="src\Colors.h">
      <Filter>src\src</Filter>
    </ClInclude>
    <ClInclude Include="src\_UnitTestConfiguration.h">
      <Filter>_Test\Unit Test Configuration</Filter>
    </ClInclude>
    <ClInclude Include="Shaders\Compiled\ColorByVertex.Px.h">
      <Filter>Shaders\Compiled</Filter>
    </ClInclude>
    <ClInclude Include="Shaders\Compiled\ColorByVertex.Vx.h">
      <Filter>Shaders\Compiled</Filter>
    </ClInclude>
    <ClInclude Include="src\MeshCube.h">
      <Filter>src\Mesh</Filter>
    </ClInclude>
    <ClInclude Include="src\ShaderObject.h">
      <Filter>src\ShaderObject</Filter>
    </ClInclude>
    <ClInclude Include="src\ShaderObject_ColorByVertex.h">
      <Filter>src\ShaderObject</Filter>
    </ClInclude>
    <ClInclude Include="src\Mesh.h">
      <Filter>src\Mesh</Filter>
    </ClInclude>
    <ClInclude Include="src\Camera.h">
      <Filter>src\Camera</Filter>
    </ClInclude>
    <ClInclude Include="src\Engine.h">
      <Filter>src\Game</Filter>
    </ClInclude>
    <ClInclude Include="src\Game.h">
      <Filter>src\Game</Filter>
    </ClInclude>
    <ClInclude Include="src\GameObject.h">
      <Filter>src\GameObject</Filter>
    </ClInclude>
    <ClInclude Include="src\Render.h">
      <Filter>src\src</Filter>
    </ClInclude>
    <ClInclude Include="src\GraphicsObject.h">
      <Filter>src\GraphicsObject</Filter>
    </ClInclude>
    <ClInclude Include="src\GraphicsObject_ColorByVertex.h">
      <Filter>src\GraphicsObject</Filter>
    </ClInclude>
    <ClInclude Include="src\GraphicsObject_Wireframe.h">
      <Filter>src\GraphicsObject</Filter>
    </ClInclude>
    <ClInclude Include="src\GameObjectMan.h">
      <Filter>src\GameObject</Filter>
    </ClInclude>
    <ClInclude Include="src\MeshNull.h">
      <Filter>src\Mesh</Filter>
    </ClInclude>
    <ClInclude Include="src\ShaderObject_Null.h">
      <Filter>src\ShaderObject</Filter>
    </ClInclude>
    <ClInclude Include="Shaders\Compiled\Null.Px.h">
      <Filter>Shaders\Compiled</Filter>
    </ClInclude>
    <ClInclude Include="Shaders\Compiled\Null.Vx.h">
      <Filter>Shaders\Compiled</Filter>
    </ClInclude>
    <ClInclude Include="src\GraphicsObject_Null.h">
      <Filter>src\GraphicsObject</Filter>
    </ClInclude>
    <ClInclude Include="src\MeshNode.h">
      <Filter>src\Mesh</Filter>
    </ClInclude>
    <ClInclude Include="src\MeshNodeMan.h">
      <Filter>src\Mesh</Filter>
    </ClInclude>
    <ClInclude Include="src\StringThis.h">
      <Filter>src\src</Filter>
    </ClInclude>
    <ClInclude Include="src\ShaderObjectNode.h">
      <Filter>src\ShaderObject</Filter>
    </ClInclude>
    <ClInclude Include="src\ShaderObjectNodeMan.h">
      <Filter>src\ShaderObject</Filter>
    </ClInclude>
    <ClInclude Include="src\MeshPyramid.h">
      <Filter>src\Mesh</Filter>
    </ClInclude>
    <ClInclude Include="src\GameTimer.h">
      <Filter>src\Game</Filter>
    </ClInclude>
  </ItemGroup>
  <ItemGroup>
    <FxCompile Include="Shaders\Original\ColorByVertex.Px.hlsl">
      <Filter>Shaders\Original</Filter>
    </FxCompile>
    <FxCompile Include="Shaders\Original\ColorByVertex.Vx.hlsl">
      <Filter>Shaders\Original</Filter>
    </FxCompile>
    <FxCompile Include="Shaders\Original\Null.Px.hlsl">
      <Filter>Shaders\Original</Filter>
    </FxCompile>
    <FxCompile Include="Shaders\Original\Null.Vx.hlsl">
      <Filter>Shaders\Original</Filter>
    </FxCompile>
  </ItemGroup>
  <ItemGroup>
    <ClCompile Include="src\main.cpp">
      <Filter>src\src</Filter>
    </ClCompile>
    <ClCompile Include="src\MeshCube.cpp">
      <Filter>src\Mesh</Filter>
    </ClCompile>
    <ClCompile Include="src\ShaderObject.cpp">
      <Filter>src\ShaderObject</Filter>
    </ClCompile>
    <ClCompile Include="src\ShaderObject_ColorByVertex.cpp">
      <Filter>src\ShaderObject</Filter>
    </ClCompile>
    <ClCompile Include="src\Mesh.cpp">
      <Filter>src\Mesh</Filter>
    </ClCompile>
    <ClCompile Include="src\Camera.cpp">
      <Filter>src\Camera</Filter>
    </ClCompile>
    <ClCompile Include="src\Engine.cpp">
      <Filter>src\Game</Filter>
    </ClCompile>
    <ClCompile Include="src\Game.cpp">
      <Filter>src\Game</Filter>
    </ClCompile>
    <ClCompile Include="src\GameObject.cpp">
      <Filter>src\GameObject</Filter>
    </ClCompile>
    <ClCompile Include="src\GameHelper.cpp">
      <Filter>src\GameObject</Filter>
    </ClCompile>
    <ClCompile Include="src\GraphicsObject.cpp">
      <Filter>src\GraphicsObject</Filter>
    </ClCompile>
    <ClCompile Include="src\GraphicsObject_ColorByVertex.cpp">
      <Filter>src\GraphicsObject</Filter>
    </ClCompile>
    <ClCompile Include="src\GraphicsObject_Wireframe.cpp">
      <Filter>src\GraphicsObject</Filter>
    </ClCompile>
    <ClCompile Include="src\GameObjectMan.cpp">
      <Filter>src\GameObject</Filter>
    </ClCompile>
    <ClCompile Include="src\MeshNull.cpp">
      <Filter>src\Mesh</Filter>
    </ClCompile>
    <ClCompile Include="src\ShaderObject_Null.cpp">
      <Filter>src\ShaderObject</Filter>
    </ClCompile>
    <ClCompile Include="src\GraphicsObject_Null.cpp">
      <Filter>src\GraphicsObject</Filter>
    </ClCompile>
    <ClCompile Include="src\MeshNode.cpp">
      <Filter>src\Mesh</Filter>
    </ClCompile>
    <ClCompile Include="src\MeshNodeMan.cpp">
      <Filter>src\Mesh</Filter>
    </ClCompile>
    <ClCompile Include="src\StringThis.cpp">
      <Filter>src\src</Filter>
    </ClCompile>
    <ClCompile Include="src\ShaderObjectNode.cpp">
      <Filter>src\ShaderObject</Filter>
    </ClCompile>
    <ClCompile Include="src\ShaderObjectNodeMan.cpp">
      <Filter>src\ShaderObject</Filter>
    </ClCompile>
    <ClCompile Include="src\MeshPyramid.cpp">
      <Filter>src\Mesh</Filter>
    </ClCompile>
    <ClCompile Include="src\GameTimer.cpp">
      <Filter>src\Game</Filter>
    </ClCompile>
  </ItemGroup>
</Project>